
Microsoft Visual Studio Solution File, Format Version 12.00
# Visual Studio 14
VisualStudioVersion = 14.0.25420.1
MinimumVisualStudioVersion = 10.0.40219.1
Project("{FAE04EC0-301F-11D3-BF4B-00C04F79EFBC}") = "SimulatedDevice", "SimulatedDevice\SimulatedDevice.csproj", "{D8E45FE4-5417-466C-ADB9-09EB95B4D8DD}"
EndProject
Project("{FAE04EC0-301F-11D3-BF4B-00C04F79EFBC}") = "CreateDeviceIdentity", "..\CreateDeviceIdentity\CreateDeviceIdentity\CreateDeviceIdentity.csproj", "{BC1FF111-C574-47BC-91EF-1AD14A9957D7}"
EndProject
Project("{FAE04EC0-301F-11D3-BF4B-00C04F79EFBC}") = "ReadDeviceToCloudMessages", "..\ReadDeviceToCloudMessages\ReadDeviceToCloudMessages\ReadDeviceToCloudMessages.csproj", "{43F103B6-2C9A-4ECC-8770-1CB9C97B5AC4}"
EndProject
Global
	GlobalSection(SolutionConfigurationPlatforms) = preSolution
		Debug|Any CPU = Debug|Any CPU
		Release|Any CPU = Release|Any CPU
	EndGlobalSection
	GlobalSection(ProjectConfigurationPlatforms) = postSolution
		{D8E45FE4-5417-466C-ADB9-09EB95B4D8DD}.Debug|Any CPU.ActiveCfg = Debug|Any CPU
		{D8E45FE4-5417-466C-ADB9-09EB95B4D8DD}.Debug|Any CPU.Build.0 = Debug|Any CPU
		{D8E45FE4-5417-466C-ADB9-09EB95B4D8DD}.Release|Any CPU.ActiveCfg = Release|Any CPU
		{D8E45FE4-5417-466C-ADB9-09EB95B4D8DD}.Release|Any CPU.Build.0 = Release|Any CPU
		{BC1FF111-C574-47BC-91EF-1AD14A9957D7}.Debug|Any CPU.ActiveCfg = Debug|Any CPU
		{BC1FF111-C574-47BC-91EF-1AD14A9957D7}.Debug|Any CPU.Build.0 = Debug|Any CPU
		{BC1FF111-C574-47BC-91EF-1AD14A9957D7}.Release|Any CPU.ActiveCfg = Release|Any CPU
		{BC1FF111-C574-47BC-91EF-1AD14A9957D7}.Release|Any CPU.Build.0 = Release|Any CPU
		{43F103B6-2C9A-4ECC-8770-1CB9C97B5AC4}.Debug|Any CPU.ActiveCfg = Debug|Any CPU
		{43F103B6-2C9A-4ECC-8770-1CB9C97B5AC4}.Debug|Any CPU.Build.0 = Debug|Any CPU
		{43F103B6-2C9A-4ECC-8770-1CB9C97B5AC4}.Release|Any CPU.ActiveCfg = Release|Any CPU
		{43F103B6-2C9A-4ECC-8770-1CB9C97B5AC4}.Release|Any CPU.Build.0 = Release|Any CPU
	EndGlobalSection
	GlobalSection(SolutionProperties) = preSolution
		HideSolutionNode = FALSE
	EndGlobalSection
	GlobalSection(ExtensibilityGlobals) = postSolution
		EnterpriseLibraryConfigurationToolBinariesPathV6 = packages\EnterpriseLibrary.TransientFaultHandling.6.0.1304.0\lib\portable-net45+win+wp8
	EndGlobalSection
EndGlobal
